// !$*UTF8*$!
{
	archiveVersion = 1;
	classes = {
	};
	objectVersion = 56;
	objects = {

/* Begin PBXBuildFile section */
		AD6099F729F645E9003A5740 /* MatParser.swift in Sources */ = {isa = PBXBuildFile; fileRef = AD6099F629F645E9003A5740 /* MatParser.swift */; };
		ADD2547229F49A300009AA83 /* HeatMap.swift in Sources */ = {isa = PBXBuildFile; fileRef = ADD2546E29F49A300009AA83 /* HeatMap.swift */; };
		ADE5222E29EF2805000379F1 /* ChartTest1.swift in Sources */ = {isa = PBXBuildFile; fileRef = ADE5222D29EF2805000379F1 /* ChartTest1.swift */; };
		ADE5223229EF2806000379F1 /* Assets.xcassets in Resources */ = {isa = PBXBuildFile; fileRef = ADE5223129EF2806000379F1 /* Assets.xcassets */; };
		ADE5223629EF2806000379F1 /* Preview Assets.xcassets in Resources */ = {isa = PBXBuildFile; fileRef = ADE5223529EF2806000379F1 /* Preview Assets.xcassets */; };
/* End PBXBuildFile section */

/* Begin PBXContainerItemProxy section */
		ADE5223C29EF2806000379F1 /* PBXContainerItemProxy */ = {
			isa = PBXContainerItemProxy;
			containerPortal = ADE5222229EF2805000379F1 /* Project object */;
			proxyType = 1;
			remoteGlobalIDString = ADE5222929EF2805000379F1;
			remoteInfo = ChartTest1;
		};
		ADE5224629EF2806000379F1 /* PBXContainerItemProxy */ = {
			isa = PBXContainerItemProxy;
			containerPortal = ADE5222229EF2805000379F1 /* Project object */;
			proxyType = 1;
			remoteGlobalIDString = ADE5222929EF2805000379F1;
			remoteInfo = ChartTest1;
		};
/* End PBXContainerItemProxy section */

/* Begin PBXFileReference section */
		AD6099F529F64539003A5740 /* ChartTest1.entitlements */ = {isa = PBXFileReference; fileEncoding = 4; lastKnownFileType = text.plist.entitlements; path = ChartTest1.entitlements; sourceTree = "<group>"; };
		AD6099F629F645E9003A5740 /* MatParser.swift */ = {isa = PBXFileReference; fileEncoding = 4; lastKnownFileType = sourcecode.swift; path = MatParser.swift; sourceTree = "<group>"; };
		ADD2546E29F49A300009AA83 /* HeatMap.swift */ = {isa = PBXFileReference; fileEncoding = 4; lastKnownFileType = sourcecode.swift; path = HeatMap.swift; sourceTree = "<group>"; };
		ADE5222A29EF2805000379F1 /* ChartTest1.app */ = {isa = PBXFileReference; explicitFileType = wrapper.application; includeInIndex = 0; path = ChartTest1.app; sourceTree = BUILT_PRODUCTS_DIR; };
		ADE5222D29EF2805000379F1 /* ChartTest1.swift */ = {isa = PBXFileReference; lastKnownFileType = sourcecode.swift; path = ChartTest1.swift; sourceTree = "<group>"; };
		ADE5223129EF2806000379F1 /* Assets.xcassets */ = {isa = PBXFileReference; lastKnownFileType = folder.assetcatalog; path = Assets.xcassets; sourceTree = "<group>"; };
		ADE5223529EF2806000379F1 /* Preview Assets.xcassets */ = {isa = PBXFileReference; lastKnownFileType = folder.assetcatalog; path = "Preview Assets.xcassets"; sourceTree = "<group>"; };
		ADE5223B29EF2806000379F1 /* ChartTest1Tests.xctest */ = {isa = PBXFileReference; explicitFileType = wrapper.cfbundle; includeInIndex = 0; path = ChartTest1Tests.xctest; sourceTree = BUILT_PRODUCTS_DIR; };
		ADE5224529EF2806000379F1 /* ChartTest1UITests.xctest */ = {isa = PBXFileReference; explicitFileType = wrapper.cfbundle; includeInIndex = 0; path = ChartTest1UITests.xctest; sourceTree = BUILT_PRODUCTS_DIR; };
/* End PBXFileReference section */

/* Begin PBXFrameworksBuildPhase section */
		ADE5222729EF2805000379F1 /* Frameworks */ = {
			isa = PBXFrameworksBuildPhase;
			buildActionMask = 2147483647;
			files = (
			);
			runOnlyForDeploymentPostprocessing = 0;
		};
		ADE5223829EF2806000379F1 /* Frameworks */ = {
			isa = PBXFrameworksBuildPhase;
			buildActionMask = 2147483647;
			files = (
			);
			runOnlyForDeploymentPostprocessing = 0;
		};
		ADE5224229EF2806000379F1 /* Frameworks */ = {
			isa = PBXFrameworksBuildPhase;
			buildActionMask = 2147483647;
			files = (
			);
			runOnlyForDeploymentPostprocessing = 0;
		};
/* End PBXFrameworksBuildPhase section */

/* Begin PBXGroup section */
		ADE5222129EF2805000379F1 = {
			isa = PBXGroup;
			children = (
				ADE5222C29EF2805000379F1 /* ChartTest1 */,
				ADE5222B29EF2805000379F1 /* Products */,
			);
			sourceTree = "<group>";
		};
		ADE5222B29EF2805000379F1 /* Products */ = {
			isa = PBXGroup;
			children = (
				ADE5222A29EF2805000379F1 /* ChartTest1.app */,
				ADE5223B29EF2806000379F1 /* ChartTest1Tests.xctest */,
				ADE5224529EF2806000379F1 /* ChartTest1UITests.xctest */,
			);
			name = Products;
			sourceTree = "<group>";
		};
		ADE5222C29EF2805000379F1 /* ChartTest1 */ = {
			isa = PBXGroup;
			children = (
				AD6099F629F645E9003A5740 /* MatParser.swift */,
				AD6099F529F64539003A5740 /* ChartTest1.entitlements */,
				ADD2546E29F49A300009AA83 /* HeatMap.swift */,
				ADE5222D29EF2805000379F1 /* ChartTest1.swift */,
				ADE5223129EF2806000379F1 /* Assets.xcassets */,
				ADE5223429EF2806000379F1 /* Preview Content */,
			);
			path = ChartTest1;
			sourceTree = "<group>";
		};
		ADE5223429EF2806000379F1 /* Preview Content */ = {
			isa = PBXGroup;
			children = (
				ADE5223529EF2806000379F1 /* Preview Assets.xcassets */,
			);
			path = "Preview Content";
			sourceTree = "<group>";
		};
/* End PBXGroup section */

/* Begin PBXNativeTarget section */
		ADE5222929EF2805000379F1 /* ChartTest1 */ = {
			isa = PBXNativeTarget;
			buildConfigurationList = ADE5224F29EF2806000379F1 /* Build configuration list for PBXNativeTarget "ChartTest1" */;
			buildPhases = (
				ADE5222629EF2805000379F1 /* Sources */,
				ADE5222729EF2805000379F1 /* Frameworks */,
				ADE5222829EF2805000379F1 /* Resources */,
			);
			buildRules = (
			);
			dependencies = (
			);
			name = ChartTest1;
			productName = ChartTest1;
			productReference = ADE5222A29EF2805000379F1 /* ChartTest1.app */;
			productType = "com.apple.product-type.application";
		};
		ADE5223A29EF2806000379F1 /* ChartTest1Tests */ = {
			isa = PBXNativeTarget;
			buildConfigurationList = ADE5225229EF2806000379F1 /* Build configuration list for PBXNativeTarget "ChartTest1Tests" */;
			buildPhases = (
				ADE5223729EF2806000379F1 /* Sources */,
				ADE5223829EF2806000379F1 /* Frameworks */,
				ADE5223929EF2806000379F1 /* Resources */,
			);
			buildRules = (
			);
			dependencies = (
				ADE5223D29EF2806000379F1 /* PBXTargetDependency */,
			);
			name = ChartTest1Tests;
			productName = ChartTest1Tests;
			productReference = ADE5223B29EF2806000379F1 /* ChartTest1Tests.xctest */;
			productType = "com.apple.product-type.bundle.unit-test";
		};
		ADE5224429EF2806000379F1 /* ChartTest1UITests */ = {
			isa = PBXNativeTarget;
			buildConfigurationList = ADE5225529EF2806000379F1 /* Build configuration list for PBXNativeTarget "ChartTest1UITests" */;
			buildPhases = (
				ADE5224129EF2806000379F1 /* Sources */,
				ADE5224229EF2806000379F1 /* Frameworks */,
				ADE5224329EF2806000379F1 /* Resources */,
			);
			buildRules = (
			);
			dependencies = (
				ADE5224729EF2806000379F1 /* PBXTargetDependency */,
			);
			name = ChartTest1UITests;
			productName = ChartTest1UITests;
			productReference = ADE5224529EF2806000379F1 /* ChartTest1UITests.xctest */;
			productType = "com.apple.product-type.bundle.ui-testing";
		};
/* End PBXNativeTarget section */

/* Begin PBXProject section */
		ADE5222229EF2805000379F1 /* Project object */ = {
			isa = PBXProject;
			attributes = {
				BuildIndependentTargetsInParallel = 1;
				LastSwiftUpdateCheck = 1430;
				LastUpgradeCheck = 1430;
				TargetAttributes = {
					ADE5222929EF2805000379F1 = {
						CreatedOnToolsVersion = 14.3;
					};
					ADE5223A29EF2806000379F1 = {
						CreatedOnToolsVersion = 14.3;
						TestTargetID = ADE5222929EF2805000379F1;
					};
					ADE5224429EF2806000379F1 = {
						CreatedOnToolsVersion = 14.3;
						TestTargetID = ADE5222929EF2805000379F1;
					};
				};
			};
			buildConfigurationList = ADE5222529EF2805000379F1 /* Build configuration list for PBXProject "ChartTest1" */;
			compatibilityVersion = "Xcode 14.0";
			developmentRegion = en;
			hasScannedForEncodings = 0;
			knownRegions = (
				en,
				Base,
			);
			mainGroup = ADE5222129EF2805000379F1;
			productRefGroup = ADE5222B29EF2805000379F1 /* Products */;
			projectDirPath = "";
			projectRoot = "";
			targets = (
				ADE5222929EF2805000379F1 /* ChartTest1 */,
				ADE5223A29EF2806000379F1 /* ChartTest1Tests */,
				ADE5224429EF2806000379F1 /* ChartTest1UITests */,
			);
		};
/* End PBXProject section */

/* Begin PBXResourcesBuildPhase section */
		ADE5222829EF2805000379F1 /* Resources */ = {
			isa = PBXResourcesBuildPhase;
			buildActionMask = 2147483647;
			files = (
				ADE5223629EF2806000379F1 /* Preview Assets.xcassets in Resources */,
				ADE5223229EF2806000379F1 /* Assets.xcassets in Resources */,
			);
			runOnlyForDeploymentPostprocessing = 0;
		};
		ADE5223929EF2806000379F1 /* Resources */ = {
			isa = PBXResourcesBuildPhase;
			buildActionMask = 2147483647;
			files = (
			);
			runOnlyForDeploymentPostprocessing = 0;
		};
		ADE5224329EF2806000379F1 /* Resources */ = {
			isa = PBXResourcesBuildPhase;
			buildActionMask = 2147483647;
			files = (
			);
			runOnlyForDeploymentPostprocessing = 0;
		};
/* End PBXResourcesBuildPhase section */

/* Begin PBXSourcesBuildPhase section */
		ADE5222629EF2805000379F1 /* Sources */ = {
			isa = PBXSourcesBuildPhase;
			buildActionMask = 2147483647;
			files = (
				ADE5222E29EF2805000379F1 /* ChartTest1.swift in Sources */,
				AD6099F729F645E9003A5740 /* MatParser.swift in Sources */,
				ADD2547229F49A300009AA83 /* HeatMap.swift in Sources */,
			);
			runOnlyForDeploymentPostprocessing = 0;
		};
		ADE5223729EF2806000379F1 /* Sources */ = {
			isa = PBXSourcesBuildPhase;
			buildActionMask = 2147483647;
			files = (
			);
			runOnlyForDeploymentPostprocessing = 0;
		};
		ADE5224129EF2806000379F1 /* Sources */ = {
			isa = PBXSourcesBuildPhase;
			buildActionMask = 2147483647;
			files = (
			);
			runOnlyForDeploymentPostprocessing = 0;
		};
/* End PBXSourcesBuildPhase section */

/* Begin PBXTargetDependency section */
		ADE5223D29EF2806000379F1 /* PBXTargetDependency */ = {
			isa = PBXTargetDependency;
			target = ADE5222929EF2805000379F1 /* ChartTest1 */;
			targetProxy = ADE5223C29EF2806000379F1 /* PBXContainerItemProxy */;
		};
		ADE5224729EF2806000379F1 /* PBXTargetDependency */ = {
			isa = PBXTargetDependency;
			target = ADE5222929EF2805000379F1 /* ChartTest1 */;
			targetProxy = ADE5224629EF2806000379F1 /* PBXContainerItemProxy */;
		};
/* End PBXTargetDependency section */

/* Begin XCBuildConfiguration section */
		ADE5224D29EF2806000379F1 /* Debug */ = {
			isa = XCBuildConfiguration;
			buildSettings = {
				ALWAYS_SEARCH_USER_PATHS = NO;
				CLANG_ANALYZER_NONNULL = YES;
				CLANG_ANALYZER_NUMBER_OBJECT_CONVERSION = YES_AGGRESSIVE;
				CLANG_CXX_LANGUAGE_STANDARD = "gnu++20";
				CLANG_ENABLE_MODULES = YES;
				CLANG_ENABLE_OBJC_ARC = YES;
				CLANG_ENABLE_OBJC_WEAK = YES;
				CLANG_WARN_BLOCK_CAPTURE_AUTORELEASING = YES;
				CLANG_WARN_BOOL_CONVERSION = YES;
				CLANG_WARN_COMMA = YES;
				CLANG_WARN_CONSTANT_CONVERSION = YES;
				CLANG_WARN_DEPRECATED_OBJC_IMPLEMENTATIONS = YES;
				CLANG_WARN_DIRECT_OBJC_ISA_USAGE = YES_ERROR;
				CLANG_WARN_DOCUMENTATION_COMMENTS = YES;
				CLANG_WARN_EMPTY_BODY = YES;
				CLANG_WARN_ENUM_CONVERSION = YES;
				CLANG_WARN_INFINITE_RECURSION = YES;
				CLANG_WARN_INT_CONVERSION = YES;
				CLANG_WARN_NON_LITERAL_NULL_CONVERSION = YES;
				CLANG_WARN_OBJC_IMPLICIT_RETAIN_SELF = YES;
				CLANG_WARN_OBJC_LITERAL_CONVERSION = YES;
				CLANG_WARN_OBJC_ROOT_CLASS = YES_ERROR;
				CLANG_WARN_QUOTED_INCLUDE_IN_FRAMEWORK_HEADER = YES;
				CLANG_WARN_RANGE_LOOP_ANALYSIS = YES;
				CLANG_WARN_STRICT_PROTOTYPES = YES;
				CLANG_WARN_SUSPICIOUS_MOVE = YES;
				CLANG_WARN_UNGUARDED_AVAILABILITY = YES_AGGRESSIVE;
				CLANG_WARN_UNREACHABLE_CODE = YES;
				CLANG_WARN__DUPLICATE_METHOD_MATCH = YES;
				COPY_PHASE_STRIP = NO;
				DEBUG_INFORMATION_FORMAT = dwarf;
				ENABLE_STRICT_OBJC_MSGSEND = YES;
				ENABLE_TESTABILITY = YES;
				GCC_C_LANGUAGE_STANDARD = gnu11;
				GCC_DYNAMIC_NO_PIC = NO;
				GCC_NO_COMMON_BLOCKS = YES;
				GCC_OPTIMIZATION_LEVEL = 0;
				GCC_PREPROCESSOR_DEFINITIONS = (
					"DEBUG=1",
					"$(inherited)",
				);
				GCC_WARN_64_TO_32_BIT_CONVERSION = YES;
				GCC_WARN_ABOUT_RETURN_TYPE = YES_ERROR;
				GCC_WARN_UNDECLARED_SELECTOR = YES;
				GCC_WARN_UNINITIALIZED_AUTOS = YES_AGGRESSIVE;
				GCC_WARN_UNUSED_FUNCTION = YES;
				GCC_WARN_UNUSED_VARIABLE = YES;
				MTL_ENABLE_DEBUG_INFO = INCLUDE_SOURCE;
				MTL_FAST_MATH = YES;
				ONLY_ACTIVE_ARCH = YES;
				SWIFT_ACTIVE_COMPILATION_CONDITIONS = DEBUG;
				SWIFT_OPTIMIZATION_LEVEL = "-Onone";
			};
			name = Debug;
		};
		ADE5224E29EF2806000379F1 /* Release */ = {
			isa = XCBuildConfiguration;
			buildSettings = {
				ALWAYS_SEARCH_USER_PATHS = NO;
				CLANG_ANALYZER_NONNULL = YES;
				CLANG_ANALYZER_NUMBER_OBJECT_CONVERSION = YES_AGGRESSIVE;
				CLANG_CXX_LANGUAGE_STANDARD = "gnu++20";
				CLANG_ENABLE_MODULES = YES;
				CLANG_ENABLE_OBJC_ARC = YES;
				CLANG_ENABLE_OBJC_WEAK = YES;
				CLANG_WARN_BLOCK_CAPTURE_AUTORELEASING = YES;
				CLANG_WARN_BOOL_CONVERSION = YES;
				CLANG_WARN_COMMA = YES;
				CLANG_WARN_CONSTANT_CONVERSION = YES;
				CLANG_WARN_DEPRECATED_OBJC_IMPLEMENTATIONS = YES;
				CLANG_WARN_DIRECT_OBJC_ISA_USAGE = YES_ERROR;
				CLANG_WARN_DOCUMENTATION_COMMENTS = YES;
				CLANG_WARN_EMPTY_BODY = YES;
				CLANG_WARN_ENUM_CONVERSION = YES;
				CLANG_WARN_INFINITE_RECURSION = YES;
				CLANG_WARN_INT_CONVERSION = YES;
				CLANG_WARN_NON_LITERAL_NULL_CONVERSION = YES;
				CLANG_WARN_OBJC_IMPLICIT_RETAIN_SELF = YES;
				CLANG_WARN_OBJC_LITERAL_CONVERSION = YES;
				CLANG_WARN_OBJC_ROOT_CLASS = YES_ERROR;
				CLANG_WARN_QUOTED_INCLUDE_IN_FRAMEWORK_HEADER = YES;
				CLANG_WARN_RANGE_LOOP_ANALYSIS = YES;
				CLANG_WARN_STRICT_PROTOTYPES = YES;
				CLANG_WARN_SUSPICIOUS_MOVE = YES;
				CLANG_WARN_UNGUARDED_AVAILABILITY = YES_AGGRESSIVE;
				CLANG_WARN_UNREACHABLE_CODE = YES;
				CLANG_WARN__DUPLICATE_METHOD_MATCH = YES;
				COPY_PHASE_STRIP = NO;
				DEBUG_INFORMATION_FORMAT = "dwarf-with-dsym";
				ENABLE_NS_ASSERTIONS = NO;
				ENABLE_STRICT_OBJC_MSGSEND = YES;
				GCC_C_LANGUAGE_STANDARD = gnu11;
				GCC_NO_COMMON_BLOCKS = YES;
				GCC_WARN_64_TO_32_BIT_CONVERSION = YES;
				GCC_WARN_ABOUT_RETURN_TYPE = YES_ERROR;
				GCC_WARN_UNDECLARED_SELECTOR = YES;
				GCC_WARN_UNINITIALIZED_AUTOS = YES_AGGRESSIVE;
				GCC_WARN_UNUSED_FUNCTION = YES;
				GCC_WARN_UNUSED_VARIABLE = YES;
				MTL_ENABLE_DEBUG_INFO = NO;
				MTL_FAST_MATH = YES;
				SWIFT_COMPILATION_MODE = wholemodule;
				SWIFT_OPTIMIZATION_LEVEL = "-O";
			};
			name = Release;
		};
		ADE5225029EF2806000379F1 /* Debug */ = {
			isa = XCBuildConfiguration;
			buildSettings = {
				ASSETCATALOG_COMPILER_APPICON_NAME = AppIcon;
				ASSETCATALOG_COMPILER_GLOBAL_ACCENT_COLOR_NAME = AccentColor;
				CODE_SIGN_ENTITLEMENTS = ChartTest1/ChartTest1.entitlements;
				CODE_SIGN_STYLE = Automatic;
				CURRENT_PROJECT_VERSION = 1;
				DEVELOPMENT_ASSET_PATHS = "\"ChartTest1/Preview Content\"";
				DEVELOPMENT_TEAM = ZJ29KCD5KX;
				ENABLE_HARDENED_RUNTIME = YES;
				ENABLE_PREVIEWS = YES;
				GENERATE_INFOPLIST_FILE = YES;
				"INFOPLIST_KEY_UIApplicationSceneManifest_Generation[sdk=iphoneos*]" = YES;
				"INFOPLIST_KEY_UIApplicationSceneManifest_Generation[sdk=iphonesimulator*]" = YES;
				"INFOPLIST_KEY_UIApplicationSupportsIndirectInputEvents[sdk=iphoneos*]" = YES;
				"INFOPLIST_KEY_UIApplicationSupportsIndirectInputEvents[sdk=iphonesimulator*]" = YES;
				"INFOPLIST_KEY_UILaunchScreen_Generation[sdk=iphoneos*]" = YES;
				"INFOPLIST_KEY_UILaunchScreen_Generation[sdk=iphonesimulator*]" = YES;
				"INFOPLIST_KEY_UIStatusBarStyle[sdk=iphoneos*]" = UIStatusBarStyleDefault;
				"INFOPLIST_KEY_UIStatusBarStyle[sdk=iphonesimulator*]" = UIStatusBarStyleDefault;
				INFOPLIST_KEY_UISupportedInterfaceOrientations_iPad = "UIInterfaceOrientationPortrait UIInterfaceOrientationPortraitUpsideDown UIInterfaceOrientationLandscapeLeft UIInterfaceOrientationLandscapeRight";
				INFOPLIST_KEY_UISupportedInterfaceOrientations_iPhone = "UIInterfaceOrientationPortrait UIInterfaceOrientationLandscapeLeft UIInterfaceOrientationLandscapeRight";
				IPHONEOS_DEPLOYMENT_TARGET = 16.4;
				LD_RUNPATH_SEARCH_PATHS = "@executable_path/Frameworks";
				"LD_RUNPATH_SEARCH_PATHS[sdk=macosx*]" = "@executable_path/../Frameworks";
				MACOSX_DEPLOYMENT_TARGET = 13.3;
				MARKETING_VERSION = 1.0;
				PRODUCT_BUNDLE_IDENTIFIER = Contoso.ChartTest1;
				PRODUCT_NAME = "$(TARGET_NAME)";
				SDKROOT = auto;
				SUPPORTED_PLATFORMS = "iphoneos iphonesimulator macosx";
				SWIFT_EMIT_LOC_STRINGS = YES;
				SWIFT_VERSION = 5.0;
				TARGETED_DEVICE_FAMILY = "1,2";
			};
			name = Debug;
		};
		ADE5225129EF2806000379F1 /* Release */ = {
			isa = XCBuildConfiguration;
			buildSettings = {
				ASSETCATALOG_COMPILER_APPICON_NAME = AppIcon;
				ASSETCATALOG_COMPILER_GLOBAL_ACCENT_COLOR_NAME = AccentColor;
				CODE_SIGN_ENTITLEMENTS = ChartTest1/ChartTest1.entitlements;
				CODE_SIGN_STYLE = Automatic;
				CURRENT_PROJECT_VERSION = 1;
				DEVELOPMENT_ASSET_PATHS = "\"ChartTest1/Preview Content\"";
				DEVELOPMENT_TEAM = ZJ29KCD5KX;
				ENABLE_HARDENED_RUNTIME = YES;
				ENABLE_PREVIEWS = YES;
				GENERATE_INFOPLIST_FILE = YES;
				"INFOPLIST_KEY_UIApplicationSceneManifest_Generation[sdk=iphoneos*]" = YES;
				"INFOPLIST_KEY_UIApplicationSceneManifest_Generation[sdk=iphonesimulator*]" = YES;
				"INFOPLIST_KEY_UIApplicationSupportsIndirectInputEvents[sdk=iphoneos*]" = YES;
				"INFOPLIST_KEY_UIApplicationSupportsIndirectInputEvents[sdk=iphonesimulator*]" = YES;
				"INFOPLIST_KEY_UILaunchScreen_Generation[sdk=iphoneos*]" = YES;
				"INFOPLIST_KEY_UILaunchScreen_Generation[sdk=iphonesimulator*]" = YES;
				"INFOPLIST_KEY_UIStatusBarStyle[sdk=iphoneos*]" = UIStatusBarStyleDefault;
				"INFOPLIST_KEY_UIStatusBarStyle[sdk=iphonesimulator*]" = UIStatusBarStyleDefault;
				INFOPLIST_KEY_UISupportedInterfaceOrientations_iPad = "UIInterfaceOrientationPortrait UIInterfaceOrientationPortraitUpsideDown UIInterfaceOrientationLandscapeLeft UIInterfaceOrientationLandscapeRight";
				INFOPLIST_KEY_UISupportedInterfaceOrientations_iPhone = "UIInterfaceOrientationPortrait UIInterfaceOrientationLandscapeLeft UIInterfaceOrientationLandscapeRight";
				IPHONEOS_DEPLOYMENT_TARGET = 16.4;
				LD_RUNPATH_SEARCH_PATHS = "@executable_path/Frameworks";
				"LD_RUNPATH_SEARCH_PATHS[sdk=macosx*]" = "@executable_path/../Frameworks";
				MACOSX_DEPLOYMENT_TARGET = 13.3;
				MARKETING_VERSION = 1.0;
				PRODUCT_BUNDLE_IDENTIFIER = Contoso.ChartTest1;
				PRODUCT_NAME = "$(TARGET_NAME)";
				SDKROOT = auto;
				SUPPORTED_PLATFORMS = "iphoneos iphonesimulator macosx";
				SWIFT_EMIT_LOC_STRINGS = YES;
				SWIFT_VERSION = 5.0;
				TARGETED_DEVICE_FAMILY = "1,2";
			};
			name = Release;
		};
		ADE5225329EF2806000379F1 /* Debug */ = {
			isa = XCBuildConfiguration;
			buildSettings = {
				ALWAYS_EMBED_SWIFT_STANDARD_LIBRARIES = YES;
				BUNDLE_LOADER = "$(TEST_HOST)";
				CODE_SIGN_STYLE = Automatic;
				CURRENT_PROJECT_VERSION = 1;
				DEVELOPMENT_TEAM = ZJ29KCD5KX;
				GENERATE_INFOPLIST_FILE = YES;
				IPHONEOS_DEPLOYMENT_TARGET = 16.4;
				MACOSX_DEPLOYMENT_TARGET = 13.3;
				MARKETING_VERSION = 1.0;
				PRODUCT_BUNDLE_IDENTIFIER = Contoso.ChartTest1Tests;
				PRODUCT_NAME = "$(TARGET_NAME)";
				SDKROOT = auto;
				SUPPORTED_PLATFORMS = "iphoneos iphonesimulator macosx";
				SWIFT_EMIT_LOC_STRINGS = NO;
				SWIFT_VERSION = 5.0;
				TARGETED_DEVICE_FAMILY = "1,2";
				TEST_HOST = "$(BUILT_PRODUCTS_DIR)/ChartTest1.app/$(BUNDLE_EXECUTABLE_FOLDER_PATH)/ChartTest1";
			};
			name = Debug;
		};
		ADE5225429EF2806000379F1 /* Release */ = {
			isa = XCBuildConfiguration;
			buildSettings = {
				ALWAYS_EMBED_SWIFT_STANDARD_LIBRARIES = YES;
				BUNDLE_LOADER = "$(TEST_HOST)";
				CODE_SIGN_STYLE = Automatic;
				CURRENT_PROJECT_VERSION = 1;
				DEVELOPMENT_TEAM = ZJ29KCD5KX;
				GENERATE_INFOPLIST_FILE = YES;
				IPHONEOS_DEPLOYMENT_TARGET = 16.4;
				MACOSX_DEPLOYMENT_TARGET = 13.3;
				MARKETING_VERSION = 1.0;
				PRODUCT_BUNDLE_IDENTIFIER = Contoso.ChartTest1Tests;
				PRODUCT_NAME = "$(TARGET_NAME)";
				SDKROOT = auto;
				SUPPORTED_PLATFORMS = "iphoneos iphonesimulator macosx";
				SWIFT_EMIT_LOC_STRINGS = NO;
				SWIFT_VERSION = 5.0;
				TARGETED_DEVICE_FAMILY = "1,2";
				TEST_HOST = "$(BUILT_PRODUCTS_DIR)/ChartTest1.app/$(BUNDLE_EXECUTABLE_FOLDER_PATH)/ChartTest1";
			};
			name = Release;
		};
		ADE5225629EF2806000379F1 /* Debug */ = {
			isa = XCBuildConfiguration;
			buildSettings = {
				ALWAYS_EMBED_SWIFT_STANDARD_LIBRARIES = YES;
				CODE_SIGN_STYLE = Automatic;
				CURRENT_PROJECT_VERSION = 1;
				DEVELOPMENT_TEAM = ZJ29KCD5KX;
				GENERATE_INFOPLIST_FILE = YES;
				IPHONEOS_DEPLOYMENT_TARGET = 16.4;
				MACOSX_DEPLOYMENT_TARGET = 13.3;
				MARKETING_VERSION = 1.0;
				PRODUCT_BUNDLE_IDENTIFIER = Contoso.ChartTest1UITests;
				PRODUCT_NAME = "$(TARGET_NAME)";
				SDKROOT = auto;
				SUPPORTED_PLATFORMS = "iphoneos iphonesimulator macosx";
				SWIFT_EMIT_LOC_STRINGS = NO;
				SWIFT_VERSION = 5.0;
				TARGETED_DEVICE_FAMILY = "1,2";
				TEST_TARGET_NAME = ChartTest1;
			};
			name = Debug;
		};
		ADE5225729EF2806000379F1 /* Release */ = {
			isa = XCBuildConfiguration;
			buildSettings = {
				ALWAYS_EMBED_SWIFT_STANDARD_LIBRARIES = YES;
				CODE_SIGN_STYLE = Automatic;
				CURRENT_PROJECT_VERSION = 1;
				DEVELOPMENT_TEAM = ZJ29KCD5KX;
				GENERATE_INFOPLIST_FILE = YES;
				IPHONEOS_DEPLOYMENT_TARGET = 16.4;
				MACOSX_DEPLOYMENT_TARGET = 13.3;
				MARKETING_VERSION = 1.0;
				PRODUCT_BUNDLE_IDENTIFIER = Contoso.ChartTest1UITests;
				PRODUCT_NAME = "$(TARGET_NAME)";
				SDKROOT = auto;
				SUPPORTED_PLATFORMS = "iphoneos iphonesimulator macosx";
				SWIFT_EMIT_LOC_STRINGS = NO;
				SWIFT_VERSION = 5.0;
				TARGETED_DEVICE_FAMILY = "1,2";
				TEST_TARGET_NAME = ChartTest1;
			};
			name = Release;
		};
/* End XCBuildConfiguration section */

/* Begin XCConfigurationList section */
		ADE5222529EF2805000379F1 /* Build configuration list for PBXProject "ChartTest1" */ = {
			isa = XCConfigurationList;
			buildConfigurations = (
				ADE5224D29EF2806000379F1 /* Debug */,
				ADE5224E29EF2806000379F1 /* Release */,
			);
			defaultConfigurationIsVisible = 0;
			defaultConfigurationName = Release;
		};
		ADE5224F29EF2806000379F1 /* Build configuration list for PBXNativeTarget "ChartTest1" */ = {
			isa = XCConfigurationList;
			buildConfigurations = (
				ADE5225029EF2806000379F1 /* Debug */,
				ADE5225129EF2806000379F1 /* Release */,
			);
			defaultConfigurationIsVisible = 0;
			defaultConfigurationName = Release;
		};
		ADE5225229EF2806000379F1 /* Build configuration list for PBXNativeTarget "ChartTest1Tests" */ = {
			isa = XCConfigurationList;
			buildConfigurations = (
				ADE5225329EF2806000379F1 /* Debug */,
				ADE5225429EF2806000379F1 /* Release */,
			);
			defaultConfigurationIsVisible = 0;
			defaultConfigurationName = Release;
		};
		ADE5225529EF2806000379F1 /* Build configuration list for PBXNativeTarget "ChartTest1UITests" */ = {
			isa = XCConfigurationList;
			buildConfigurations = (
				ADE5225629EF2806000379F1 /* Debug */,
				ADE5225729EF2806000379F1 /* Release */,
			);
			defaultConfigurationIsVisible = 0;
			defaultConfigurationName = Release;
		};
/* End XCConfigurationList section */
	};
	rootObject = ADE5222229EF2805000379F1 /* Project object */;
}
